
Microsoft Visual Studio Solution File, Format Version 12.00
# Visual Studio Version 17
VisualStudioVersion = 17.9.34723.18
MinimumVisualStudioVersion = 10.0.40219.1
Project("{8BC9CEB8-8B4A-11D0-8D11-00A0C91BC942}") = "chapter8", "chapter8.vcxproj", "{FDFDB64C-DD20-4BE9-BFF0-8BCBD3CE79E1}"
EndProject
Global
	GlobalSection(SolutionConfigurationPlatforms) = preSolution
		Debug|x64 = Debug|x64
		Debug|x86 = Debug|x86
		Release|x64 = Release|x64
		Release|x86 = Release|x86
	EndGlobalSection
	GlobalSection(ProjectConfigurationPlatforms) = postSolution
		{FDFDB64C-DD20-4BE9-BFF0-8BCBD3CE79E1}.Debug|x64.ActiveCfg = Debug|x64
		{FDFDB64C-DD20-4BE9-BFF0-8BCBD3CE79E1}.Debug|x64.Build.0 = Debug|x64
		{FDFDB64C-DD20-4BE9-BFF0-8BCBD3CE79E1}.Debug|x86.ActiveCfg = Debug|Win32
		{FDFDB64C-DD20-4BE9-BFF0-8BCBD3CE79E1}.Debug|x86.Build.0 = Debug|Win32
		{FDFDB64C-DD20-4BE9-BFF0-8BCBD3CE79E1}.Release|x64.ActiveCfg = Release|x64
		{FDFDB64C-DD20-4BE9-BFF0-8BCBD3CE79E1}.Release|x64.Build.0 = Release|x64
		{FDFDB64C-DD20-4BE9-BFF0-8BCBD3CE79E1}.Release|x86.ActiveCfg = Release|Win32
		{FDFDB64C-DD20-4BE9-BFF0-8BCBD3CE79E1}.Release|x86.Build.0 = Release|Win32
	EndGlobalSection
	GlobalSection(SolutionProperties) = preSolution
		HideSolutionNode = FALSE
	EndGlobalSection
	GlobalSection(ExtensibilityGlobals) = postSolution
		SolutionGuid = {E455AF5D-67AC-4845-AB0C-B9C61AA1A160}
	EndGlobalSection
EndGlobal
